
Microsoft Visual Studio Solution File, Format Version 12.00
# Visual Studio Version 16
VisualStudioVersion = 16.0.32106.194
MinimumVisualStudioVersion = 10.0.40219.1
Project("{FAE04EC0-301F-11D3-BF4B-00C04F79EFBC}") = "lab_05", "lab_05\lab_05.csproj", "{CF892804-EE81-40BE-B5EF-5A5AC391A136}"
EndProject
Global
	GlobalSection(SolutionConfigurationPlatforms) = preSolution
		Debug|Any CPU = Debug|Any CPU
		Release|Any CPU = Release|Any CPU
	EndGlobalSection
	GlobalSection(ProjectConfigurationPlatforms) = postSolution
		{CF892804-EE81-40BE-B5EF-5A5AC391A136}.Debug|Any CPU.ActiveCfg = Debug|Any CPU
		{CF892804-EE81-40BE-B5EF-5A5AC391A136}.Debug|Any CPU.Build.0 = Debug|Any CPU
		{CF892804-EE81-40BE-B5EF-5A5AC391A136}.Release|Any CPU.ActiveCfg = Release|Any CPU
		{CF892804-EE81-40BE-B5EF-5A5AC391A136}.Release|Any CPU.Build.0 = Release|Any CPU
	EndGlobalSection
	GlobalSection(SolutionProperties) = preSolution
		HideSolutionNode = FALSE
	EndGlobalSection
	GlobalSection(ExtensibilityGlobals) = postSolution
		SolutionGuid = {81881B56-F73E-450E-96EA-DAD832B9AE84}
	EndGlobalSection
EndGlobal
